{
  "version": 4,
  "terraform_version": "1.15.8",
  "serial": 3,
  "lineage": "fbf2bab3-9ad5-a282-3e4e-817cbfa57778",
  "outputs": {
    "vpc_id": {
      "value": "vpc-071bdff7ef56a88ed",
      "type": "string"
    }
  },
  "resources": [
    {
      "module": "module.vpc",
      "mode": "managed",
      "type": "aws_internet_gateway",
      "name": "name",
      "provider": "provider[\"registry.terraform.io/hashicorp/aws\"]",
      "instances": [
        {
          "schema_version": 0,
          "attributes": {
            "arn": "arn:aws:ec2:us-east-1:775796777787:internet-gateway/igw-086ee7f39636e4dd7",
            "id": "igw-086ee7f39636e4dd7",
            "owner_id": "775796777787",
            "region": "us-east-1",
            "tags": null,
            "tags_all": {},
            "timeouts": null,
            "vpc_id": "vpc-071bdff7ef56a88ed"
          },
          "sensitive_attributes": [],
          "identity_schema_version": 0,
          "identity": {
            "account_id": "775796777787",
            "id": "igw-086ee7f39636e4dd7",
            "region": "us-east-1"
          },
          "private": "eyJlMmJmYjczMC1lY2FhLTExZTYtOGY4OC0zNDM2M2JjN2M0YzAiOnsiY3JlYXRlIjoxMjAwMDAwMDAwMDAwLCJkZWxldGUiOjEyMDAwMDAwMDAwMDAsInVwZGF0ZSI6MTIwMDAwMDAwMDAwMH19",
          "dependencies": [
            "module.vpc.aws_vpc.name"
          ]
        }
      ]
    },
    {
      "module": "module.vpc",
      "mode": "managed",
      "type": "aws_vpc",
      "name": "name",
      "provider": "provider[\"registry.terraform.io/hashicorp/aws\"]",
      "instances": [
        {
          "schema_version": 1,
          "attributes": {
            "arn": "arn:aws:ec2:us-east-1:775796777787:vpc/vpc-071bdff7ef56a88ed",
            "assign_generated_ipv6_cidr_block": false,
            "cidr_block": "172.120.0.0/16",
            "default_network_acl_id": "acl-00dc7fa572388e668",
            "default_route_table_id": "rtb-00290881b13696ddf",
            "default_security_group_id": "sg-059e92cc4a92fe98c",
            "dhcp_options_id": "dopt-0a9bedac8ab6535dd",
            "enable_dns_hostnames": false,
            "enable_dns_support": true,
            "enable_network_address_usage_metrics": false,
            "id": "vpc-071bdff7ef56a88ed",
            "instance_tenancy": "default",
            "ipv4_ipam_pool_id": null,
            "ipv4_netmask_length": null,
            "ipv6_association_id": "",
            "ipv6_cidr_block": "",
            "ipv6_cidr_block_network_border_group": "",
            "ipv6_ipam_pool_id": "",
            "ipv6_netmask_length": 0,
            "main_route_table_id": "rtb-00290881b13696ddf",
            "owner_id": "775796777787",
            "region": "us-east-1",
            "tags": {
              "Name": "Prod-vpc"
            },
            "tags_all": {
              "Name": "Prod-vpc"
            }
          },
          "sensitive_attributes": [],
          "identity_schema_version": 0,
          "identity": {
            "account_id": "775796777787",
            "id": "vpc-071bdff7ef56a88ed",
            "region": "us-east-1"
          },
          "private": "eyJzY2hlbWFfdmVyc2lvbiI6IjEifQ=="
        }
      ]
    }
  ],
  "check_results": null
}
