{
  "version": 4,
  "terraform_version": "1.15.8",
  "serial": 3,
  "lineage": "6662075d-bbf8-9b29-fc4b-31fbf4aa18f2",
  "outputs": {},
  "resources": [
    {
      "module": "module.vpc",
      "mode": "managed",
      "type": "aws_internet_gateway",
      "name": "name",
      "provider": "provider[\"registry.terraform.io/hashicorp/aws\"]",
      "instances": [
        {
          "schema_version": 0,
          "attributes": {
            "arn": "arn:aws:ec2:us-east-2:775796777787:internet-gateway/igw-05499ae82b21a1ddf",
            "id": "igw-05499ae82b21a1ddf",
            "owner_id": "775796777787",
            "region": "us-east-2",
            "tags": null,
            "tags_all": {},
            "timeouts": null,
            "vpc_id": "vpc-086c348a9e96f5e6b"
          },
          "sensitive_attributes": [],
          "identity_schema_version": 0,
          "identity": {
            "account_id": "775796777787",
            "id": "igw-05499ae82b21a1ddf",
            "region": "us-east-2"
          },
          "private": "eyJlMmJmYjczMC1lY2FhLTExZTYtOGY4OC0zNDM2M2JjN2M0YzAiOnsiY3JlYXRlIjoxMjAwMDAwMDAwMDAwLCJkZWxldGUiOjEyMDAwMDAwMDAwMDAsInVwZGF0ZSI6MTIwMDAwMDAwMDAwMH19",
          "dependencies": [
            "module.vpc.aws_vpc.name"
          ]
        }
      ]
    },
    {
      "module": "module.vpc",
      "mode": "managed",
      "type": "aws_vpc",
      "name": "name",
      "provider": "provider[\"registry.terraform.io/hashicorp/aws\"]",
      "instances": [
        {
          "schema_version": 1,
          "attributes": {
            "arn": "arn:aws:ec2:us-east-2:775796777787:vpc/vpc-086c348a9e96f5e6b",
            "assign_generated_ipv6_cidr_block": false,
            "cidr_block": "192.168.0.0/16",
            "default_network_acl_id": "acl-02af9e37151a6e69b",
            "default_route_table_id": "rtb-0cd118c30056034ae",
            "default_security_group_id": "sg-03b06f2bdd2cac230",
            "dhcp_options_id": "dopt-0ff2f1107b86b9236",
            "enable_dns_hostnames": false,
            "enable_dns_support": true,
            "enable_network_address_usage_metrics": false,
            "id": "vpc-086c348a9e96f5e6b",
            "instance_tenancy": "default",
            "ipv4_ipam_pool_id": null,
            "ipv4_netmask_length": null,
            "ipv6_association_id": "",
            "ipv6_cidr_block": "",
            "ipv6_cidr_block_network_border_group": "",
            "ipv6_ipam_pool_id": "",
            "ipv6_netmask_length": 0,
            "main_route_table_id": "rtb-0cd118c30056034ae",
            "owner_id": "775796777787",
            "region": "us-east-2",
            "tags": {
              "Name": "Dev-vpc"
            },
            "tags_all": {
              "Name": "Dev-vpc"
            }
          },
          "sensitive_attributes": [],
          "identity_schema_version": 0,
          "identity": {
            "account_id": "775796777787",
            "id": "vpc-086c348a9e96f5e6b",
            "region": "us-east-2"
          },
          "private": "eyJzY2hlbWFfdmVyc2lvbiI6IjEifQ=="
        }
      ]
    }
  ],
  "check_results": null
}
